
Microsoft Visual Studio Solution File, Format Version 12.00
# Visual Studio 15
VisualStudioVersion = 15.0.28307.645
MinimumVisualStudioVersion = 10.0.40219.1
Project("{FAE04EC0-301F-11D3-BF4B-00C04F79EFBC}") = "Pielvitori.Milagros.2D.TP3", "Pielvitori.Milagros.2D.TP3\Pielvitori.Milagros.2D.TP3.csproj", "{E82520AB-C10A-4533-9AA4-EEC15A10381F}"
EndProject
Project("{FAE04EC0-301F-11D3-BF4B-00C04F79EFBC}") = "Clases Abstractas", "Clases Abstractas\Clases Abstractas.csproj", "{2272422E-CA4B-48F1-A940-7D9660C97A50}"
EndProject
Project("{FAE04EC0-301F-11D3-BF4B-00C04F79EFBC}") = "Archivos", "Archivos\Archivos.csproj", "{AA431F39-1FA4-432C-A5CB-A2EDD8052647}"
EndProject
Project("{FAE04EC0-301F-11D3-BF4B-00C04F79EFBC}") = "Clases Instanciables", "Clases Instanciables\Clases Instanciables.csproj", "{610C1086-FE91-45E8-8B79-9FCA9B609B7C}"
EndProject
Project("{FAE04EC0-301F-11D3-BF4B-00C04F79EFBC}") = "Excepciones", "Excepciones\Excepciones.csproj", "{6E6D0CEE-BDD0-414D-AC3D-B62F7DFCD0F9}"
EndProject
Global
	GlobalSection(SolutionConfigurationPlatforms) = preSolution
		Debug|Any CPU = Debug|Any CPU
		Release|Any CPU = Release|Any CPU
	EndGlobalSection
	GlobalSection(ProjectConfigurationPlatforms) = postSolution
		{E82520AB-C10A-4533-9AA4-EEC15A10381F}.Debug|Any CPU.ActiveCfg = Debug|Any CPU
		{E82520AB-C10A-4533-9AA4-EEC15A10381F}.Debug|Any CPU.Build.0 = Debug|Any CPU
		{E82520AB-C10A-4533-9AA4-EEC15A10381F}.Release|Any CPU.ActiveCfg = Release|Any CPU
		{E82520AB-C10A-4533-9AA4-EEC15A10381F}.Release|Any CPU.Build.0 = Release|Any CPU
		{2272422E-CA4B-48F1-A940-7D9660C97A50}.Debug|Any CPU.ActiveCfg = Debug|Any CPU
		{2272422E-CA4B-48F1-A940-7D9660C97A50}.Debug|Any CPU.Build.0 = Debug|Any CPU
		{2272422E-CA4B-48F1-A940-7D9660C97A50}.Release|Any CPU.ActiveCfg = Release|Any CPU
		{2272422E-CA4B-48F1-A940-7D9660C97A50}.Release|Any CPU.Build.0 = Release|Any CPU
		{AA431F39-1FA4-432C-A5CB-A2EDD8052647}.Debug|Any CPU.ActiveCfg = Debug|Any CPU
		{AA431F39-1FA4-432C-A5CB-A2EDD8052647}.Debug|Any CPU.Build.0 = Debug|Any CPU
		{AA431F39-1FA4-432C-A5CB-A2EDD8052647}.Release|Any CPU.ActiveCfg = Release|Any CPU
		{AA431F39-1FA4-432C-A5CB-A2EDD8052647}.Release|Any CPU.Build.0 = Release|Any CPU
		{610C1086-FE91-45E8-8B79-9FCA9B609B7C}.Debug|Any CPU.ActiveCfg = Debug|Any CPU
		{610C1086-FE91-45E8-8B79-9FCA9B609B7C}.Debug|Any CPU.Build.0 = Debug|Any CPU
		{610C1086-FE91-45E8-8B79-9FCA9B609B7C}.Release|Any CPU.ActiveCfg = Release|Any CPU
		{610C1086-FE91-45E8-8B79-9FCA9B609B7C}.Release|Any CPU.Build.0 = Release|Any CPU
		{6E6D0CEE-BDD0-414D-AC3D-B62F7DFCD0F9}.Debug|Any CPU.ActiveCfg = Debug|Any CPU
		{6E6D0CEE-BDD0-414D-AC3D-B62F7DFCD0F9}.Debug|Any CPU.Build.0 = Debug|Any CPU
		{6E6D0CEE-BDD0-414D-AC3D-B62F7DFCD0F9}.Release|Any CPU.ActiveCfg = Release|Any CPU
		{6E6D0CEE-BDD0-414D-AC3D-B62F7DFCD0F9}.Release|Any CPU.Build.0 = Release|Any CPU
	EndGlobalSection
	GlobalSection(SolutionProperties) = preSolution
		HideSolutionNode = FALSE
	EndGlobalSection
	GlobalSection(ExtensibilityGlobals) = postSolution
		SolutionGuid = {365B31DB-8936-430C-BB2C-C4895FB53843}
	EndGlobalSection
EndGlobal
